
Microsoft Visual Studio Solution File, Format Version 12.00
# Visual Studio Version 17
VisualStudioVersion = 17.4.33205.214
MinimumVisualStudioVersion = 10.0.40219.1
Project("{FAE04EC0-301F-11D3-BF4B-00C04F79EFBC}") = "Angularapi", "Angularapi\Angularapi.csproj", "{918931A8-52AC-4360-8598-569F13A6A8C2}"
EndProject
Global
	GlobalSection(SolutionConfigurationPlatforms) = preSolution
		Debug|Any CPU = Debug|Any CPU
		Release|Any CPU = Release|Any CPU
	EndGlobalSection
	GlobalSection(ProjectConfigurationPlatforms) = postSolution
		{918931A8-52AC-4360-8598-569F13A6A8C2}.Debug|Any CPU.ActiveCfg = Debug|Any CPU
		{918931A8-52AC-4360-8598-569F13A6A8C2}.Debug|Any CPU.Build.0 = Debug|Any CPU
		{918931A8-52AC-4360-8598-569F13A6A8C2}.Release|Any CPU.ActiveCfg = Release|Any CPU
		{918931A8-52AC-4360-8598-569F13A6A8C2}.Release|Any CPU.Build.0 = Release|Any CPU
	EndGlobalSection
	GlobalSection(SolutionProperties) = preSolution
		HideSolutionNode = FALSE
	EndGlobalSection
	GlobalSection(ExtensibilityGlobals) = postSolution
		SolutionGuid = {8BB671F9-189C-492B-B57C-34552613B360}
	EndGlobalSection
EndGlobal
